
Microsoft Visual Studio Solution File, Format Version 12.00
# Visual Studio Version 16
VisualStudioVersion = 16.0.30104.148
MinimumVisualStudioVersion = 10.0.40219.1
Project("{FAE04EC0-301F-11D3-BF4B-00C04F79EFBC}") = "Forms1.Android", "Forms1\Forms1.Android\Forms1.Android.csproj", "{44048A71-231F-46B3-A6A2-46195956B634}"
EndProject
Project("{FAE04EC0-301F-11D3-BF4B-00C04F79EFBC}") = "Forms1.iOS", "Forms1\Forms1.iOS\Forms1.iOS.csproj", "{960432F4-DC62-4745-B5E3-91320913EFA6}"
EndProject
Project("{FAE04EC0-301F-11D3-BF4B-00C04F79EFBC}") = "Forms1", "Forms1\Forms1\Forms1.csproj", "{F5F25C97-8349-49A5-AE8B-FF869633EC79}"
EndProject
Global
	GlobalSection(SolutionConfigurationPlatforms) = preSolution
		Debug|Any CPU = Debug|Any CPU
		Debug|iPhone = Debug|iPhone
		Debug|iPhoneSimulator = Debug|iPhoneSimulator
		Release|Any CPU = Release|Any CPU
		Release|iPhone = Release|iPhone
		Release|iPhoneSimulator = Release|iPhoneSimulator
	EndGlobalSection
	GlobalSection(ProjectConfigurationPlatforms) = postSolution
		{44048A71-231F-46B3-A6A2-46195956B634}.Debug|Any CPU.ActiveCfg = Debug|Any CPU
		{44048A71-231F-46B3-A6A2-46195956B634}.Debug|Any CPU.Build.0 = Debug|Any CPU
		{44048A71-231F-46B3-A6A2-46195956B634}.Debug|Any CPU.Deploy.0 = Debug|Any CPU
		{44048A71-231F-46B3-A6A2-46195956B634}.Debug|iPhone.ActiveCfg = Debug|Any CPU
		{44048A71-231F-46B3-A6A2-46195956B634}.Debug|iPhone.Build.0 = Debug|Any CPU
		{44048A71-231F-46B3-A6A2-46195956B634}.Debug|iPhone.Deploy.0 = Debug|Any CPU
		{44048A71-231F-46B3-A6A2-46195956B634}.Debug|iPhoneSimulator.ActiveCfg = Debug|Any CPU
		{44048A71-231F-46B3-A6A2-46195956B634}.Debug|iPhoneSimulator.Build.0 = Debug|Any CPU
		{44048A71-231F-46B3-A6A2-46195956B634}.Debug|iPhoneSimulator.Deploy.0 = Debug|Any CPU
		{44048A71-231F-46B3-A6A2-46195956B634}.Release|Any CPU.ActiveCfg = Release|Any CPU
		{44048A71-231F-46B3-A6A2-46195956B634}.Release|Any CPU.Build.0 = Release|Any CPU
		{44048A71-231F-46B3-A6A2-46195956B634}.Release|Any CPU.Deploy.0 = Release|Any CPU
		{44048A71-231F-46B3-A6A2-46195956B634}.Release|iPhone.ActiveCfg = Release|Any CPU
		{44048A71-231F-46B3-A6A2-46195956B634}.Release|iPhone.Build.0 = Release|Any CPU
		{44048A71-231F-46B3-A6A2-46195956B634}.Release|iPhone.Deploy.0 = Release|Any CPU
		{44048A71-231F-46B3-A6A2-46195956B634}.Release|iPhoneSimulator.ActiveCfg = Release|Any CPU
		{44048A71-231F-46B3-A6A2-46195956B634}.Release|iPhoneSimulator.Build.0 = Release|Any CPU
		{44048A71-231F-46B3-A6A2-46195956B634}.Release|iPhoneSimulator.Deploy.0 = Release|Any CPU
		{960432F4-DC62-4745-B5E3-91320913EFA6}.Debug|Any CPU.ActiveCfg = Debug|iPhone
		{960432F4-DC62-4745-B5E3-91320913EFA6}.Debug|Any CPU.Build.0 = Debug|iPhone
		{960432F4-DC62-4745-B5E3-91320913EFA6}.Debug|Any CPU.Deploy.0 = Debug|iPhone
		{960432F4-DC62-4745-B5E3-91320913EFA6}.Debug|iPhone.ActiveCfg = Debug|iPhone
		{960432F4-DC62-4745-B5E3-91320913EFA6}.Debug|iPhone.Build.0 = Debug|iPhone
		{960432F4-DC62-4745-B5E3-91320913EFA6}.Debug|iPhone.Deploy.0 = Debug|iPhone
		{960432F4-DC62-4745-B5E3-91320913EFA6}.Debug|iPhoneSimulator.ActiveCfg = Debug|iPhoneSimulator
		{960432F4-DC62-4745-B5E3-91320913EFA6}.Debug|iPhoneSimulator.Build.0 = Debug|iPhoneSimulator
		{960432F4-DC62-4745-B5E3-91320913EFA6}.Debug|iPhoneSimulator.Deploy.0 = Debug|iPhoneSimulator
		{960432F4-DC62-4745-B5E3-91320913EFA6}.Release|Any CPU.ActiveCfg = Release|iPhone
		{960432F4-DC62-4745-B5E3-91320913EFA6}.Release|Any CPU.Build.0 = Release|iPhone
		{960432F4-DC62-4745-B5E3-91320913EFA6}.Release|Any CPU.Deploy.0 = Release|iPhone
		{960432F4-DC62-4745-B5E3-91320913EFA6}.Release|iPhone.ActiveCfg = Release|iPhone
		{960432F4-DC62-4745-B5E3-91320913EFA6}.Release|iPhone.Build.0 = Release|iPhone
		{960432F4-DC62-4745-B5E3-91320913EFA6}.Release|iPhone.Deploy.0 = Release|iPhone
		{960432F4-DC62-4745-B5E3-91320913EFA6}.Release|iPhoneSimulator.ActiveCfg = Release|iPhoneSimulator
		{960432F4-DC62-4745-B5E3-91320913EFA6}.Release|iPhoneSimulator.Build.0 = Release|iPhoneSimulator
		{960432F4-DC62-4745-B5E3-91320913EFA6}.Release|iPhoneSimulator.Deploy.0 = Release|iPhoneSimulator
		{F5F25C97-8349-49A5-AE8B-FF869633EC79}.Debug|Any CPU.ActiveCfg = Debug|Any CPU
		{F5F25C97-8349-49A5-AE8B-FF869633EC79}.Debug|Any CPU.Build.0 = Debug|Any CPU
		{F5F25C97-8349-49A5-AE8B-FF869633EC79}.Debug|Any CPU.Deploy.0 = Debug|Any CPU
		{F5F25C97-8349-49A5-AE8B-FF869633EC79}.Debug|iPhone.ActiveCfg = Debug|Any CPU
		{F5F25C97-8349-49A5-AE8B-FF869633EC79}.Debug|iPhone.Build.0 = Debug|Any CPU
		{F5F25C97-8349-49A5-AE8B-FF869633EC79}.Debug|iPhone.Deploy.0 = Debug|Any CPU
		{F5F25C97-8349-49A5-AE8B-FF869633EC79}.Debug|iPhoneSimulator.ActiveCfg = Debug|Any CPU
		{F5F25C97-8349-49A5-AE8B-FF869633EC79}.Debug|iPhoneSimulator.Build.0 = Debug|Any CPU
		{F5F25C97-8349-49A5-AE8B-FF869633EC79}.Debug|iPhoneSimulator.Deploy.0 = Debug|Any CPU
		{F5F25C97-8349-49A5-AE8B-FF869633EC79}.Release|Any CPU.ActiveCfg = Release|Any CPU
		{F5F25C97-8349-49A5-AE8B-FF869633EC79}.Release|Any CPU.Build.0 = Release|Any CPU
		{F5F25C97-8349-49A5-AE8B-FF869633EC79}.Release|Any CPU.Deploy.0 = Release|Any CPU
		{F5F25C97-8349-49A5-AE8B-FF869633EC79}.Release|iPhone.ActiveCfg = Release|Any CPU
		{F5F25C97-8349-49A5-AE8B-FF869633EC79}.Release|iPhone.Build.0 = Release|Any CPU
		{F5F25C97-8349-49A5-AE8B-FF869633EC79}.Release|iPhone.Deploy.0 = Release|Any CPU
		{F5F25C97-8349-49A5-AE8B-FF869633EC79}.Release|iPhoneSimulator.ActiveCfg = Release|Any CPU
		{F5F25C97-8349-49A5-AE8B-FF869633EC79}.Release|iPhoneSimulator.Build.0 = Release|Any CPU
		{F5F25C97-8349-49A5-AE8B-FF869633EC79}.Release|iPhoneSimulator.Deploy.0 = Release|Any CPU
	EndGlobalSection
	GlobalSection(SolutionProperties) = preSolution
		HideSolutionNode = FALSE
	EndGlobalSection
	GlobalSection(ExtensibilityGlobals) = postSolution
		SolutionGuid = {E6CAE35B-315B-4CC6-9B1D-662A50793B9A}
	EndGlobalSection
EndGlobal
